// !$*UTF8*$!
{
	archiveVersion = 1;
	classes = {
	};
	objectVersion = 51;
	objects = {

/* Begin PBXBuildFile section */
		120FE73F2548934900A037A4 /* AppDelegate.swift in Sources */ = {isa = PBXBuildFile; fileRef = 120FE73E2548934900A037A4 /* AppDelegate.swift */; };
		120FE7432548934900A037A4 /* ViewController.swift in Sources */ = {isa = PBXBuildFile; fileRef = 120FE7422548934900A037A4 /* ViewController.swift */; };
		120FE7462548934900A037A4 /* Main.storyboard in Resources */ = {isa = PBXBuildFile; fileRef = 120FE7442548934900A037A4 /* Main.storyboard */; };
		120FE7482548934E00A037A4 /* Assets.xcassets in Resources */ = {isa = PBXBuildFile; fileRef = 120FE7472548934E00A037A4 /* Assets.xcassets */; };
		120FE74B2548934E00A037A4 /* LaunchScreen.storyboard in Resources */ = {isa = PBXBuildFile; fileRef = 120FE7492548934E00A037A4 /* LaunchScreen.storyboard */; };
		120FE7562548934E00A037A4 /* WeatherTests.swift in Sources */ = {isa = PBXBuildFile; fileRef = 120FE7552548934E00A037A4 /* WeatherTests.swift */; };
		1212ED1A254896AB00557E4C /* WeatherMainViewModel.swift in Sources */ = {isa = PBXBuildFile; fileRef = 1212ED19254896AB00557E4C /* WeatherMainViewModel.swift */; };
		12614FFC254C5EA200CEAA56 /* CitySelectionViewModel.swift in Sources */ = {isa = PBXBuildFile; fileRef = 12614FFB254C5EA200CEAA56 /* CitySelectionViewModel.swift */; };
		12614FFE254C715500CEAA56 /* CityModel.swift in Sources */ = {isa = PBXBuildFile; fileRef = 12614FFD254C715500CEAA56 /* CityModel.swift */; };
		1274C41E25499FC200FBC662 /* APIConst.swift in Sources */ = {isa = PBXBuildFile; fileRef = 1274C41D25499FC200FBC662 /* APIConst.swift */; };
		1274C4202549A18100FBC662 /* NetworkManager.swift in Sources */ = {isa = PBXBuildFile; fileRef = 1274C41F2549A18100FBC662 /* NetworkManager.swift */; };
		1274C4222549A6D000FBC662 /* WeatherForecast.swift in Sources */ = {isa = PBXBuildFile; fileRef = 1274C4212549A6D000FBC662 /* WeatherForecast.swift */; };
		129E0A75254B27A700FC3B63 /* CustomDateFormatter.swift in Sources */ = {isa = PBXBuildFile; fileRef = 129E0A74254B27A700FC3B63 /* CustomDateFormatter.swift */; };
		12BDE3CC254AF50200ED744A /* WeatherTableViewCell.swift in Sources */ = {isa = PBXBuildFile; fileRef = 12BDE3CA254AF50200ED744A /* WeatherTableViewCell.swift */; };
		12BDE3CD254AF50200ED744A /* WeatherTableViewCell.xib in Resources */ = {isa = PBXBuildFile; fileRef = 12BDE3CB254AF50200ED744A /* WeatherTableViewCell.xib */; };
		12BDE3CF254AFE9E00ED744A /* Data+Extension.swift in Sources */ = {isa = PBXBuildFile; fileRef = 12BDE3CE254AFE9E00ED744A /* Data+Extension.swift */; };
		12CDD0D5254C42EF00958855 /* CitySelectionVC.swift in Sources */ = {isa = PBXBuildFile; fileRef = 12CDD0D4254C42EF00958855 /* CitySelectionVC.swift */; };
		ADA548BA7A26ED4C42FEFDF0 /* Pods_WeatherTests.framework in Frameworks */ = {isa = PBXBuildFile; fileRef = BD239B7F83BF04279F555E82 /* Pods_WeatherTests.framework */; };
		BBF1E3C6DCEB25E2E9F119A9 /* Pods_Weather.framework in Frameworks */ = {isa = PBXBuildFile; fileRef = D43CE5E834BD2C2C3E32D906 /* Pods_Weather.framework */; };
/* End PBXBuildFile section */

/* Begin PBXContainerItemProxy section */
		120FE7522548934E00A037A4 /* PBXContainerItemProxy */ = {
			isa = PBXContainerItemProxy;
			containerPortal = 120FE7332548934900A037A4 /* Project object */;
			proxyType = 1;
			remoteGlobalIDString = 120FE73A2548934900A037A4;
			remoteInfo = Weather;
		};
/* End PBXContainerItemProxy section */

/* Begin PBXFileReference section */
		120FE73B2548934900A037A4 /* Weather.app */ = {isa = PBXFileReference; explicitFileType = wrapper.application; includeInIndex = 0; path = Weather.app; sourceTree = BUILT_PRODUCTS_DIR; };
		120FE73E2548934900A037A4 /* AppDelegate.swift */ = {isa = PBXFileReference; lastKnownFileType = sourcecode.swift; path = AppDelegate.swift; sourceTree = "<group>"; };
		120FE7422548934900A037A4 /* ViewController.swift */ = {isa = PBXFileReference; lastKnownFileType = sourcecode.swift; path = ViewController.swift; sourceTree = "<group>"; };
		120FE7452548934900A037A4 /* Base */ = {isa = PBXFileReference; lastKnownFileType = file.storyboard; name = Base; path = Base.lproj/Main.storyboard; sourceTree = "<group>"; };
		120FE7472548934E00A037A4 /* Assets.xcassets */ = {isa = PBXFileReference; lastKnownFileType = folder.assetcatalog; path = Assets.xcassets; sourceTree = "<group>"; };
		120FE74A2548934E00A037A4 /* Base */ = {isa = PBXFileReference; lastKnownFileType = file.storyboard; name = Base; path = Base.lproj/LaunchScreen.storyboard; sourceTree = "<group>"; };
		120FE74C2548934E00A037A4 /* Info.plist */ = {isa = PBXFileReference; lastKnownFileType = text.plist.xml; path = Info.plist; sourceTree = "<group>"; };
		120FE7512548934E00A037A4 /* WeatherTests.xctest */ = {isa = PBXFileReference; explicitFileType = wrapper.cfbundle; includeInIndex = 0; path = WeatherTests.xctest; sourceTree = BUILT_PRODUCTS_DIR; };
		120FE7552548934E00A037A4 /* WeatherTests.swift */ = {isa = PBXFileReference; lastKnownFileType = sourcecode.swift; path = WeatherTests.swift; sourceTree = "<group>"; };
		120FE7572548934E00A037A4 /* Info.plist */ = {isa = PBXFileReference; lastKnownFileType = text.plist.xml; path = Info.plist; sourceTree = "<group>"; };
		1212ED19254896AB00557E4C /* WeatherMainViewModel.swift */ = {isa = PBXFileReference; lastKnownFileType = sourcecode.swift; path = WeatherMainViewModel.swift; sourceTree = "<group>"; };
		12614FFB254C5EA200CEAA56 /* CitySelectionViewModel.swift */ = {isa = PBXFileReference; lastKnownFileType = sourcecode.swift; path = CitySelectionViewModel.swift; sourceTree = "<group>"; };
		12614FFD254C715500CEAA56 /* CityModel.swift */ = {isa = PBXFileReference; lastKnownFileType = sourcecode.swift; path = CityModel.swift; sourceTree = "<group>"; };
		1274C41D25499FC200FBC662 /* APIConst.swift */ = {isa = PBXFileReference; lastKnownFileType = sourcecode.swift; path = APIConst.swift; sourceTree = "<group>"; };
		1274C41F2549A18100FBC662 /* NetworkManager.swift */ = {isa = PBXFileReference; lastKnownFileType = sourcecode.swift; path = NetworkManager.swift; sourceTree = "<group>"; };
		1274C4212549A6D000FBC662 /* WeatherForecast.swift */ = {isa = PBXFileReference; lastKnownFileType = sourcecode.swift; path = WeatherForecast.swift; sourceTree = "<group>"; };
		129E0A74254B27A700FC3B63 /* CustomDateFormatter.swift */ = {isa = PBXFileReference; lastKnownFileType = sourcecode.swift; path = CustomDateFormatter.swift; sourceTree = "<group>"; };
		12BDE3CA254AF50200ED744A /* WeatherTableViewCell.swift */ = {isa = PBXFileReference; lastKnownFileType = sourcecode.swift; path = WeatherTableViewCell.swift; sourceTree = "<group>"; };
		12BDE3CB254AF50200ED744A /* WeatherTableViewCell.xib */ = {isa = PBXFileReference; lastKnownFileType = file.xib; path = WeatherTableViewCell.xib; sourceTree = "<group>"; };
		12BDE3CE254AFE9E00ED744A /* Data+Extension.swift */ = {isa = PBXFileReference; lastKnownFileType = sourcecode.swift; path = "Data+Extension.swift"; sourceTree = "<group>"; };
		12CDD0D4254C42EF00958855 /* CitySelectionVC.swift */ = {isa = PBXFileReference; lastKnownFileType = sourcecode.swift; path = CitySelectionVC.swift; sourceTree = "<group>"; };
		1814D60B6B42FB711E1D80FA /* Pods-Weather.debug.xcconfig */ = {isa = PBXFileReference; includeInIndex = 1; lastKnownFileType = text.xcconfig; name = "Pods-Weather.debug.xcconfig"; path = "Target Support Files/Pods-Weather/Pods-Weather.debug.xcconfig"; sourceTree = "<group>"; };
		54A593EB2099C831E33ECCDD /* Pods-WeatherTests.debug.xcconfig */ = {isa = PBXFileReference; includeInIndex = 1; lastKnownFileType = text.xcconfig; name = "Pods-WeatherTests.debug.xcconfig"; path = "Target Support Files/Pods-WeatherTests/Pods-WeatherTests.debug.xcconfig"; sourceTree = "<group>"; };
		76B30E6FB1A02D028000CC3B /* Pods-WeatherTests.release.xcconfig */ = {isa = PBXFileReference; includeInIndex = 1; lastKnownFileType = text.xcconfig; name = "Pods-WeatherTests.release.xcconfig"; path = "Target Support Files/Pods-WeatherTests/Pods-WeatherTests.release.xcconfig"; sourceTree = "<group>"; };
		BD239B7F83BF04279F555E82 /* Pods_WeatherTests.framework */ = {isa = PBXFileReference; explicitFileType = wrapper.framework; includeInIndex = 0; path = Pods_WeatherTests.framework; sourceTree = BUILT_PRODUCTS_DIR; };
		CE6BA33B1AECBC5E5EC479F0 /* Pods-Weather.release.xcconfig */ = {isa = PBXFileReference; includeInIndex = 1; lastKnownFileType = text.xcconfig; name = "Pods-Weather.release.xcconfig"; path = "Target Support Files/Pods-Weather/Pods-Weather.release.xcconfig"; sourceTree = "<group>"; };
		D43CE5E834BD2C2C3E32D906 /* Pods_Weather.framework */ = {isa = PBXFileReference; explicitFileType = wrapper.framework; includeInIndex = 0; path = Pods_Weather.framework; sourceTree = BUILT_PRODUCTS_DIR; };
/* End PBXFileReference section */

/* Begin PBXFrameworksBuildPhase section */
		120FE7382548934900A037A4 /* Frameworks */ = {
			isa = PBXFrameworksBuildPhase;
			buildActionMask = 2147483647;
			files = (
				BBF1E3C6DCEB25E2E9F119A9 /* Pods_Weather.framework in Frameworks */,
			);
			runOnlyForDeploymentPostprocessing = 0;
		};
		120FE74E2548934E00A037A4 /* Frameworks */ = {
			isa = PBXFrameworksBuildPhase;
			buildActionMask = 2147483647;
			files = (
				ADA548BA7A26ED4C42FEFDF0 /* Pods_WeatherTests.framework in Frameworks */,
			);
			runOnlyForDeploymentPostprocessing = 0;
		};
/* End PBXFrameworksBuildPhase section */

/* Begin PBXGroup section */
		120FE7322548934900A037A4 = {
			isa = PBXGroup;
			children = (
				120FE73D2548934900A037A4 /* Weather */,
				120FE7542548934E00A037A4 /* WeatherTests */,
				120FE73C2548934900A037A4 /* Products */,
				1FA7BB9328E557A19BBEA1E2 /* Pods */,
				51058D7AF4CEE85B49563D1B /* Frameworks */,
			);
			sourceTree = "<group>";
		};
		120FE73C2548934900A037A4 /* Products */ = {
			isa = PBXGroup;
			children = (
				120FE73B2548934900A037A4 /* Weather.app */,
				120FE7512548934E00A037A4 /* WeatherTests.xctest */,
			);
			name = Products;
			sourceTree = "<group>";
		};
		120FE73D2548934900A037A4 /* Weather */ = {
			isa = PBXGroup;
			children = (
				120FE73E2548934900A037A4 /* AppDelegate.swift */,
				12BDE3CE254AFE9E00ED744A /* Data+Extension.swift */,
				1274C41F2549A18100FBC662 /* NetworkManager.swift */,
				12CDD0CE254C41E400958855 /* CitySelectionModule */,
				1212ED152548968800557E4C /* WeatherMainModule */,
				120FE7472548934E00A037A4 /* Assets.xcassets */,
				1274C41D25499FC200FBC662 /* APIConst.swift */,
				120FE7492548934E00A037A4 /* LaunchScreen.storyboard */,
				120FE74C2548934E00A037A4 /* Info.plist */,
				129E0A74254B27A700FC3B63 /* CustomDateFormatter.swift */,
			);
			path = Weather;
			sourceTree = "<group>";
		};
		120FE7542548934E00A037A4 /* WeatherTests */ = {
			isa = PBXGroup;
			children = (
				120FE7552548934E00A037A4 /* WeatherTests.swift */,
				120FE7572548934E00A037A4 /* Info.plist */,
			);
			path = WeatherTests;
			sourceTree = "<group>";
		};
		1212ED152548968800557E4C /* WeatherMainModule */ = {
			isa = PBXGroup;
			children = (
				1212ED182548969E00557E4C /* Models */,
				1212ED162548969400557E4C /* ViewModels */,
				1212ED172548969A00557E4C /* Views */,
			);
			path = WeatherMainModule;
			sourceTree = "<group>";
		};
		1212ED162548969400557E4C /* ViewModels */ = {
			isa = PBXGroup;
			children = (
				1212ED19254896AB00557E4C /* WeatherMainViewModel.swift */,
			);
			path = ViewModels;
			sourceTree = "<group>";
		};
		1212ED172548969A00557E4C /* Views */ = {
			isa = PBXGroup;
			children = (
				120FE7422548934900A037A4 /* ViewController.swift */,
				120FE7442548934900A037A4 /* Main.storyboard */,
				12BDE3CA254AF50200ED744A /* WeatherTableViewCell.swift */,
				12BDE3CB254AF50200ED744A /* WeatherTableViewCell.xib */,
			);
			path = Views;
			sourceTree = "<group>";
		};
		1212ED182548969E00557E4C /* Models */ = {
			isa = PBXGroup;
			children = (
				1274C4212549A6D000FBC662 /* WeatherForecast.swift */,
			);
			path = Models;
			sourceTree = "<group>";
		};
		12CDD0CE254C41E400958855 /* CitySelectionModule */ = {
			isa = PBXGroup;
			children = (
				12CDD0D1254C420800958855 /* Models */,
				12CDD0D0254C41FF00958855 /* ViewModels */,
				12CDD0CF254C41FB00958855 /* Views */,
			);
			path = CitySelectionModule;
			sourceTree = "<group>";
		};
		12CDD0CF254C41FB00958855 /* Views */ = {
			isa = PBXGroup;
			children = (
				12CDD0D4254C42EF00958855 /* CitySelectionVC.swift */,
			);
			path = Views;
			sourceTree = "<group>";
		};
		12CDD0D0254C41FF00958855 /* ViewModels */ = {
			isa = PBXGroup;
			children = (
				12614FFB254C5EA200CEAA56 /* CitySelectionViewModel.swift */,
			);
			path = ViewModels;
			sourceTree = "<group>";
		};
		12CDD0D1254C420800958855 /* Models */ = {
			isa = PBXGroup;
			children = (
				12614FFD254C715500CEAA56 /* CityModel.swift */,
			);
			path = Models;
			sourceTree = "<group>";
		};
		1FA7BB9328E557A19BBEA1E2 /* Pods */ = {
			isa = PBXGroup;
			children = (
				1814D60B6B42FB711E1D80FA /* Pods-Weather.debug.xcconfig */,
				CE6BA33B1AECBC5E5EC479F0 /* Pods-Weather.release.xcconfig */,
				54A593EB2099C831E33ECCDD /* Pods-WeatherTests.debug.xcconfig */,
				76B30E6FB1A02D028000CC3B /* Pods-WeatherTests.release.xcconfig */,
			);
			path = Pods;
			sourceTree = "<group>";
		};
		51058D7AF4CEE85B49563D1B /* Frameworks */ = {
			isa = PBXGroup;
			children = (
				D43CE5E834BD2C2C3E32D906 /* Pods_Weather.framework */,
				BD239B7F83BF04279F555E82 /* Pods_WeatherTests.framework */,
			);
			name = Frameworks;
			sourceTree = "<group>";
		};
/* End PBXGroup section */

/* Begin PBXNativeTarget section */
		120FE73A2548934900A037A4 /* Weather */ = {
			isa = PBXNativeTarget;
			buildConfigurationList = 120FE75A2548934E00A037A4 /* Build configuration list for PBXNativeTarget "Weather" */;
			buildPhases = (
				1C465D3C78FFDD55D98A28EC /* [CP] Check Pods Manifest.lock */,
				120FE7372548934900A037A4 /* Sources */,
				120FE7382548934900A037A4 /* Frameworks */,
				120FE7392548934900A037A4 /* Resources */,
				9DFBDC5ED0B7D286A335B230 /* [CP] Embed Pods Frameworks */,
			);
			buildRules = (
			);
			dependencies = (
			);
			name = Weather;
			productName = Weather;
			productReference = 120FE73B2548934900A037A4 /* Weather.app */;
			productType = "com.apple.product-type.application";
		};
		120FE7502548934E00A037A4 /* WeatherTests */ = {
			isa = PBXNativeTarget;
			buildConfigurationList = 120FE75D2548934E00A037A4 /* Build configuration list for PBXNativeTarget "WeatherTests" */;
			buildPhases = (
				4330B4CD0EA89924FCF60CF7 /* [CP] Check Pods Manifest.lock */,
				120FE74D2548934E00A037A4 /* Sources */,
				120FE74E2548934E00A037A4 /* Frameworks */,
				120FE74F2548934E00A037A4 /* Resources */,
				E236B48EDDCC821985F3CB08 /* [CP] Embed Pods Frameworks */,
			);
			buildRules = (
			);
			dependencies = (
				120FE7532548934E00A037A4 /* PBXTargetDependency */,
			);
			name = WeatherTests;
			productName = WeatherTests;
			productReference = 120FE7512548934E00A037A4 /* WeatherTests.xctest */;
			productType = "com.apple.product-type.bundle.unit-test";
		};
/* End PBXNativeTarget section */

/* Begin PBXProject section */
		120FE7332548934900A037A4 /* Project object */ = {
			isa = PBXProject;
			attributes = {
				LastSwiftUpdateCheck = 1150;
				LastUpgradeCheck = 1150;
				ORGANIZATIONNAME = Tianid;
				TargetAttributes = {
					120FE73A2548934900A037A4 = {
						CreatedOnToolsVersion = 11.5;
					};
					120FE7502548934E00A037A4 = {
						CreatedOnToolsVersion = 11.5;
						TestTargetID = 120FE73A2548934900A037A4;
					};
				};
			};
			buildConfigurationList = 120FE7362548934900A037A4 /* Build configuration list for PBXProject "Weather" */;
			compatibilityVersion = "Xcode 9.3";
			developmentRegion = en;
			hasScannedForEncodings = 0;
			knownRegions = (
				en,
				Base,
			);
			mainGroup = 120FE7322548934900A037A4;
			productRefGroup = 120FE73C2548934900A037A4 /* Products */;
			projectDirPath = "";
			projectRoot = "";
			targets = (
				120FE73A2548934900A037A4 /* Weather */,
				120FE7502548934E00A037A4 /* WeatherTests */,
			);
		};
/* End PBXProject section */

/* Begin PBXResourcesBuildPhase section */
		120FE7392548934900A037A4 /* Resources */ = {
			isa = PBXResourcesBuildPhase;
			buildActionMask = 2147483647;
			files = (
				12BDE3CD254AF50200ED744A /* WeatherTableViewCell.xib in Resources */,
				120FE74B2548934E00A037A4 /* LaunchScreen.storyboard in Resources */,
				120FE7482548934E00A037A4 /* Assets.xcassets in Resources */,
				120FE7462548934900A037A4 /* Main.storyboard in Resources */,
			);
			runOnlyForDeploymentPostprocessing = 0;
		};
		120FE74F2548934E00A037A4 /* Resources */ = {
			isa = PBXResourcesBuildPhase;
			buildActionMask = 2147483647;
			files = (
			);
			runOnlyForDeploymentPostprocessing = 0;
		};
/* End PBXResourcesBuildPhase section */

/* Begin PBXShellScriptBuildPhase section */
		1C465D3C78FFDD55D98A28EC /* [CP] Check Pods Manifest.lock */ = {
			isa = PBXShellScriptBuildPhase;
			buildActionMask = 2147483647;
			files = (
			);
			inputFileListPaths = (
			);
			inputPaths = (
				"${PODS_PODFILE_DIR_PATH}/Podfile.lock",
				"${PODS_ROOT}/Manifest.lock",
			);
			name = "[CP] Check Pods Manifest.lock";
			outputFileListPaths = (
			);
			outputPaths = (
				"$(DERIVED_FILE_DIR)/Pods-Weather-checkManifestLockResult.txt",
			);
			runOnlyForDeploymentPostprocessing = 0;
			shellPath = /bin/sh;
			shellScript = "diff \"${PODS_PODFILE_DIR_PATH}/Podfile.lock\" \"${PODS_ROOT}/Manifest.lock\" > /dev/null\nif [ $? != 0 ] ; then\n    # print error to STDERR\n    echo \"error: The sandbox is not in sync with the Podfile.lock. Run 'pod install' or update your CocoaPods installation.\" >&2\n    exit 1\nfi\n# This output is used by Xcode 'outputs' to avoid re-running this script phase.\necho \"SUCCESS\" > \"${SCRIPT_OUTPUT_FILE_0}\"\n";
			showEnvVarsInLog = 0;
		};
		4330B4CD0EA89924FCF60CF7 /* [CP] Check Pods Manifest.lock */ = {
			isa = PBXShellScriptBuildPhase;
			buildActionMask = 2147483647;
			files = (
			);
			inputFileListPaths = (
			);
			inputPaths = (
				"${PODS_PODFILE_DIR_PATH}/Podfile.lock",
				"${PODS_ROOT}/Manifest.lock",
			);
			name = "[CP] Check Pods Manifest.lock";
			outputFileListPaths = (
			);
			outputPaths = (
				"$(DERIVED_FILE_DIR)/Pods-WeatherTests-checkManifestLockResult.txt",
			);
			runOnlyForDeploymentPostprocessing = 0;
			shellPath = /bin/sh;
			shellScript = "diff \"${PODS_PODFILE_DIR_PATH}/Podfile.lock\" \"${PODS_ROOT}/Manifest.lock\" > /dev/null\nif [ $? != 0 ] ; then\n    # print error to STDERR\n    echo \"error: The sandbox is not in sync with the Podfile.lock. Run 'pod install' or update your CocoaPods installation.\" >&2\n    exit 1\nfi\n# This output is used by Xcode 'outputs' to avoid re-running this script phase.\necho \"SUCCESS\" > \"${SCRIPT_OUTPUT_FILE_0}\"\n";
			showEnvVarsInLog = 0;
		};
		9DFBDC5ED0B7D286A335B230 /* [CP] Embed Pods Frameworks */ = {
			isa = PBXShellScriptBuildPhase;
			buildActionMask = 2147483647;
			files = (
			);
			inputFileListPaths = (
				"${PODS_ROOT}/Target Support Files/Pods-Weather/Pods-Weather-frameworks-${CONFIGURATION}-input-files.xcfilelist",
			);
			name = "[CP] Embed Pods Frameworks";
			outputFileListPaths = (
				"${PODS_ROOT}/Target Support Files/Pods-Weather/Pods-Weather-frameworks-${CONFIGURATION}-output-files.xcfilelist",
			);
			runOnlyForDeploymentPostprocessing = 0;
			shellPath = /bin/sh;
			shellScript = "\"${PODS_ROOT}/Target Support Files/Pods-Weather/Pods-Weather-frameworks.sh\"\n";
			showEnvVarsInLog = 0;
		};
		E236B48EDDCC821985F3CB08 /* [CP] Embed Pods Frameworks */ = {
			isa = PBXShellScriptBuildPhase;
			buildActionMask = 2147483647;
			files = (
			);
			inputFileListPaths = (
				"${PODS_ROOT}/Target Support Files/Pods-WeatherTests/Pods-WeatherTests-frameworks-${CONFIGURATION}-input-files.xcfilelist",
			);
			name = "[CP] Embed Pods Frameworks";
			outputFileListPaths = (
				"${PODS_ROOT}/Target Support Files/Pods-WeatherTests/Pods-WeatherTests-frameworks-${CONFIGURATION}-output-files.xcfilelist",
			);
			runOnlyForDeploymentPostprocessing = 0;
			shellPath = /bin/sh;
			shellScript = "\"${PODS_ROOT}/Target Support Files/Pods-WeatherTests/Pods-WeatherTests-frameworks.sh\"\n";
			showEnvVarsInLog = 0;
		};
/* End PBXShellScriptBuildPhase section */

/* Begin PBXSourcesBuildPhase section */
		120FE7372548934900A037A4 /* Sources */ = {
			isa = PBXSourcesBuildPhase;
			buildActionMask = 2147483647;
			files = (
				12CDD0D5254C42EF00958855 /* CitySelectionVC.swift in Sources */,
				1274C4202549A18100FBC662 /* NetworkManager.swift in Sources */,
				12BDE3CF254AFE9E00ED744A /* Data+Extension.swift in Sources */,
				1274C4222549A6D000FBC662 /* WeatherForecast.swift in Sources */,
				12BDE3CC254AF50200ED744A /* WeatherTableViewCell.swift in Sources */,
				12614FFC254C5EA200CEAA56 /* CitySelectionViewModel.swift in Sources */,
				1274C41E25499FC200FBC662 /* APIConst.swift in Sources */,
				1212ED1A254896AB00557E4C /* WeatherMainViewModel.swift in Sources */,
				12614FFE254C715500CEAA56 /* CityModel.swift in Sources */,
				120FE7432548934900A037A4 /* ViewController.swift in Sources */,
				120FE73F2548934900A037A4 /* AppDelegate.swift in Sources */,
				129E0A75254B27A700FC3B63 /* CustomDateFormatter.swift in Sources */,
			);
			runOnlyForDeploymentPostprocessing = 0;
		};
		120FE74D2548934E00A037A4 /* Sources */ = {
			isa = PBXSourcesBuildPhase;
			buildActionMask = 2147483647;
			files = (
				120FE7562548934E00A037A4 /* WeatherTests.swift in Sources */,
			);
			runOnlyForDeploymentPostprocessing = 0;
		};
/* End PBXSourcesBuildPhase section */

/* Begin PBXTargetDependency section */
		120FE7532548934E00A037A4 /* PBXTargetDependency */ = {
			isa = PBXTargetDependency;
			target = 120FE73A2548934900A037A4 /* Weather */;
			targetProxy = 120FE7522548934E00A037A4 /* PBXContainerItemProxy */;
		};
/* End PBXTargetDependency section */

/* Begin PBXVariantGroup section */
		120FE7442548934900A037A4 /* Main.storyboard */ = {
			isa = PBXVariantGroup;
			children = (
				120FE7452548934900A037A4 /* Base */,
			);
			name = Main.storyboard;
			sourceTree = "<group>";
		};
		120FE7492548934E00A037A4 /* LaunchScreen.storyboard */ = {
			isa = PBXVariantGroup;
			children = (
				120FE74A2548934E00A037A4 /* Base */,
			);
			name = LaunchScreen.storyboard;
			sourceTree = "<group>";
		};
/* End PBXVariantGroup section */

/* Begin XCBuildConfiguration section */
		120FE7582548934E00A037A4 /* Debug */ = {
			isa = XCBuildConfiguration;
			buildSettings = {
				ALWAYS_SEARCH_USER_PATHS = NO;
				CLANG_ANALYZER_NONNULL = YES;
				CLANG_ANALYZER_NUMBER_OBJECT_CONVERSION = YES_AGGRESSIVE;
				CLANG_CXX_LANGUAGE_STANDARD = "gnu++14";
				CLANG_CXX_LIBRARY = "libc++";
				CLANG_ENABLE_MODULES = YES;
				CLANG_ENABLE_OBJC_ARC = YES;
				CLANG_ENABLE_OBJC_WEAK = YES;
				CLANG_WARN_BLOCK_CAPTURE_AUTORELEASING = YES;
				CLANG_WARN_BOOL_CONVERSION = YES;
				CLANG_WARN_COMMA = YES;
				CLANG_WARN_CONSTANT_CONVERSION = YES;
				CLANG_WARN_DEPRECATED_OBJC_IMPLEMENTATIONS = YES;
				CLANG_WARN_DIRECT_OBJC_ISA_USAGE = YES_ERROR;
				CLANG_WARN_DOCUMENTATION_COMMENTS = YES;
				CLANG_WARN_EMPTY_BODY = YES;
				CLANG_WARN_ENUM_CONVERSION = YES;
				CLANG_WARN_INFINITE_RECURSION = YES;
				CLANG_WARN_INT_CONVERSION = YES;
				CLANG_WARN_NON_LITERAL_NULL_CONVERSION = YES;
				CLANG_WARN_OBJC_IMPLICIT_RETAIN_SELF = YES;
				CLANG_WARN_OBJC_LITERAL_CONVERSION = YES;
				CLANG_WARN_OBJC_ROOT_CLASS = YES_ERROR;
				CLANG_WARN_RANGE_LOOP_ANALYSIS = YES;
				CLANG_WARN_STRICT_PROTOTYPES = YES;
				CLANG_WARN_SUSPICIOUS_MOVE = YES;
				CLANG_WARN_UNGUARDED_AVAILABILITY = YES_AGGRESSIVE;
				CLANG_WARN_UNREACHABLE_CODE = YES;
				CLANG_WARN__DUPLICATE_METHOD_MATCH = YES;
				COPY_PHASE_STRIP = NO;
				DEBUG_INFORMATION_FORMAT = dwarf;
				ENABLE_STRICT_OBJC_MSGSEND = YES;
				ENABLE_TESTABILITY = YES;
				GCC_C_LANGUAGE_STANDARD = gnu11;
				GCC_DYNAMIC_NO_PIC = NO;
				GCC_NO_COMMON_BLOCKS = YES;
				GCC_OPTIMIZATION_LEVEL = 0;
				GCC_PREPROCESSOR_DEFINITIONS = (
					"DEBUG=1",
					"$(inherited)",
				);
				GCC_WARN_64_TO_32_BIT_CONVERSION = YES;
				GCC_WARN_ABOUT_RETURN_TYPE = YES_ERROR;
				GCC_WARN_UNDECLARED_SELECTOR = YES;
				GCC_WARN_UNINITIALIZED_AUTOS = YES_AGGRESSIVE;
				GCC_WARN_UNUSED_FUNCTION = YES;
				GCC_WARN_UNUSED_VARIABLE = YES;
				IPHONEOS_DEPLOYMENT_TARGET = 13.5;
				MTL_ENABLE_DEBUG_INFO = INCLUDE_SOURCE;
				MTL_FAST_MATH = YES;
				ONLY_ACTIVE_ARCH = YES;
				SDKROOT = iphoneos;
				SWIFT_ACTIVE_COMPILATION_CONDITIONS = DEBUG;
				SWIFT_OPTIMIZATION_LEVEL = "-Onone";
			};
			name = Debug;
		};
		120FE7592548934E00A037A4 /* Release */ = {
			isa = XCBuildConfiguration;
			buildSettings = {
				ALWAYS_SEARCH_USER_PATHS = NO;
				CLANG_ANALYZER_NONNULL = YES;
				CLANG_ANALYZER_NUMBER_OBJECT_CONVERSION = YES_AGGRESSIVE;
				CLANG_CXX_LANGUAGE_STANDARD = "gnu++14";
				CLANG_CXX_LIBRARY = "libc++";
				CLANG_ENABLE_MODULES = YES;
				CLANG_ENABLE_OBJC_ARC = YES;
				CLANG_ENABLE_OBJC_WEAK = YES;
				CLANG_WARN_BLOCK_CAPTURE_AUTORELEASING = YES;
				CLANG_WARN_BOOL_CONVERSION = YES;
				CLANG_WARN_COMMA = YES;
				CLANG_WARN_CONSTANT_CONVERSION = YES;
				CLANG_WARN_DEPRECATED_OBJC_IMPLEMENTATIONS = YES;
				CLANG_WARN_DIRECT_OBJC_ISA_USAGE = YES_ERROR;
				CLANG_WARN_DOCUMENTATION_COMMENTS = YES;
				CLANG_WARN_EMPTY_BODY = YES;
				CLANG_WARN_ENUM_CONVERSION = YES;
				CLANG_WARN_INFINITE_RECURSION = YES;
				CLANG_WARN_INT_CONVERSION = YES;
				CLANG_WARN_NON_LITERAL_NULL_CONVERSION = YES;
				CLANG_WARN_OBJC_IMPLICIT_RETAIN_SELF = YES;
				CLANG_WARN_OBJC_LITERAL_CONVERSION = YES;
				CLANG_WARN_OBJC_ROOT_CLASS = YES_ERROR;
				CLANG_WARN_RANGE_LOOP_ANALYSIS = YES;
				CLANG_WARN_STRICT_PROTOTYPES = YES;
				CLANG_WARN_SUSPICIOUS_MOVE = YES;
				CLANG_WARN_UNGUARDED_AVAILABILITY = YES_AGGRESSIVE;
				CLANG_WARN_UNREACHABLE_CODE = YES;
				CLANG_WARN__DUPLICATE_METHOD_MATCH = YES;
				COPY_PHASE_STRIP = NO;
				DEBUG_INFORMATION_FORMAT = "dwarf-with-dsym";
				ENABLE_NS_ASSERTIONS = NO;
				ENABLE_STRICT_OBJC_MSGSEND = YES;
				GCC_C_LANGUAGE_STANDARD = gnu11;
				GCC_NO_COMMON_BLOCKS = YES;
				GCC_WARN_64_TO_32_BIT_CONVERSION = YES;
				GCC_WARN_ABOUT_RETURN_TYPE = YES_ERROR;
				GCC_WARN_UNDECLARED_SELECTOR = YES;
				GCC_WARN_UNINITIALIZED_AUTOS = YES_AGGRESSIVE;
				GCC_WARN_UNUSED_FUNCTION = YES;
				GCC_WARN_UNUSED_VARIABLE = YES;
				IPHONEOS_DEPLOYMENT_TARGET = 13.5;
				MTL_ENABLE_DEBUG_INFO = NO;
				MTL_FAST_MATH = YES;
				SDKROOT = iphoneos;
				SWIFT_COMPILATION_MODE = wholemodule;
				SWIFT_OPTIMIZATION_LEVEL = "-O";
				VALIDATE_PRODUCT = YES;
			};
			name = Release;
		};
		120FE75B2548934E00A037A4 /* Debug */ = {
			isa = XCBuildConfiguration;
			baseConfigurationReference = 1814D60B6B42FB711E1D80FA /* Pods-Weather.debug.xcconfig */;
			buildSettings = {
				ASSETCATALOG_COMPILER_APPICON_NAME = AppIcon;
				CODE_SIGN_STYLE = Automatic;
				DEVELOPMENT_TEAM = GY259TWT8G;
				INFOPLIST_FILE = Weather/Info.plist;
				IPHONEOS_DEPLOYMENT_TARGET = 11.0;
				LD_RUNPATH_SEARCH_PATHS = (
					"$(inherited)",
					"@executable_path/Frameworks",
				);
				PRODUCT_BUNDLE_IDENTIFIER = Tianid.Weather;
				PRODUCT_NAME = "$(TARGET_NAME)";
				SWIFT_VERSION = 5.0;
				TARGETED_DEVICE_FAMILY = "1,2";
			};
			name = Debug;
		};
		120FE75C2548934E00A037A4 /* Release */ = {
			isa = XCBuildConfiguration;
			baseConfigurationReference = CE6BA33B1AECBC5E5EC479F0 /* Pods-Weather.release.xcconfig */;
			buildSettings = {
				ASSETCATALOG_COMPILER_APPICON_NAME = AppIcon;
				CODE_SIGN_STYLE = Automatic;
				DEVELOPMENT_TEAM = GY259TWT8G;
				INFOPLIST_FILE = Weather/Info.plist;
				IPHONEOS_DEPLOYMENT_TARGET = 11.0;
				LD_RUNPATH_SEARCH_PATHS = (
					"$(inherited)",
					"@executable_path/Frameworks",
				);
				PRODUCT_BUNDLE_IDENTIFIER = Tianid.Weather;
				PRODUCT_NAME = "$(TARGET_NAME)";
				SWIFT_VERSION = 5.0;
				TARGETED_DEVICE_FAMILY = "1,2";
			};
			name = Release;
		};
		120FE75E2548934E00A037A4 /* Debug */ = {
			isa = XCBuildConfiguration;
			baseConfigurationReference = 54A593EB2099C831E33ECCDD /* Pods-WeatherTests.debug.xcconfig */;
			buildSettings = {
				ALWAYS_EMBED_SWIFT_STANDARD_LIBRARIES = YES;
				BUNDLE_LOADER = "$(TEST_HOST)";
				CODE_SIGN_STYLE = Automatic;
				DEVELOPMENT_TEAM = GY259TWT8G;
				INFOPLIST_FILE = WeatherTests/Info.plist;
				IPHONEOS_DEPLOYMENT_TARGET = 13.5;
				LD_RUNPATH_SEARCH_PATHS = (
					"$(inherited)",
					"@executable_path/Frameworks",
					"@loader_path/Frameworks",
				);
				PRODUCT_BUNDLE_IDENTIFIER = Tianid.WeatherTests;
				PRODUCT_NAME = "$(TARGET_NAME)";
				SWIFT_VERSION = 5.0;
				TARGETED_DEVICE_FAMILY = "1,2";
				TEST_HOST = "$(BUILT_PRODUCTS_DIR)/Weather.app/Weather";
			};
			name = Debug;
		};
		120FE75F2548934E00A037A4 /* Release */ = {
			isa = XCBuildConfiguration;
			baseConfigurationReference = 76B30E6FB1A02D028000CC3B /* Pods-WeatherTests.release.xcconfig */;
			buildSettings = {
				ALWAYS_EMBED_SWIFT_STANDARD_LIBRARIES = YES;
				BUNDLE_LOADER = "$(TEST_HOST)";
				CODE_SIGN_STYLE = Automatic;
				DEVELOPMENT_TEAM = GY259TWT8G;
				INFOPLIST_FILE = WeatherTests/Info.plist;
				IPHONEOS_DEPLOYMENT_TARGET = 13.5;
				LD_RUNPATH_SEARCH_PATHS = (
					"$(inherited)",
					"@executable_path/Frameworks",
					"@loader_path/Frameworks",
				);
				PRODUCT_BUNDLE_IDENTIFIER = Tianid.WeatherTests;
				PRODUCT_NAME = "$(TARGET_NAME)";
				SWIFT_VERSION = 5.0;
				TARGETED_DEVICE_FAMILY = "1,2";
				TEST_HOST = "$(BUILT_PRODUCTS_DIR)/Weather.app/Weather";
			};
			name = Release;
		};
/* End XCBuildConfiguration section */

/* Begin XCConfigurationList section */
		120FE7362548934900A037A4 /* Build configuration list for PBXProject "Weather" */ = {
			isa = XCConfigurationList;
			buildConfigurations = (
				120FE7582548934E00A037A4 /* Debug */,
				120FE7592548934E00A037A4 /* Release */,
			);
			defaultConfigurationIsVisible = 0;
			defaultConfigurationName = Release;
		};
		120FE75A2548934E00A037A4 /* Build configuration list for PBXNativeTarget "Weather" */ = {
			isa = XCConfigurationList;
			buildConfigurations = (
				120FE75B2548934E00A037A4 /* Debug */,
				120FE75C2548934E00A037A4 /* Release */,
			);
			defaultConfigurationIsVisible = 0;
			defaultConfigurationName = Release;
		};
		120FE75D2548934E00A037A4 /* Build configuration list for PBXNativeTarget "WeatherTests" */ = {
			isa = XCConfigurationList;
			buildConfigurations = (
				120FE75E2548934E00A037A4 /* Debug */,
				120FE75F2548934E00A037A4 /* Release */,
			);
			defaultConfigurationIsVisible = 0;
			defaultConfigurationName = Release;
		};
/* End XCConfigurationList section */
	};
	rootObject = 120FE7332548934900A037A4 /* Project object */;
}
